
Microsoft Visual Studio Solution File, Format Version 12.00
# Visual Studio Version 16
VisualStudioVersion = 16.0.30907.101
MinimumVisualStudioVersion = 10.0.40219.1
Project("{FAE04EC0-301F-11D3-BF4B-00C04F79EFBC}") = "TestHelpers.Selenium", "TestHelpers.Selenium\TestHelpers.Selenium.csproj", "{6E58DB7D-0352-41C6-AA60-8F9E268FA2A8}"
EndProject
Project("{FAE04EC0-301F-11D3-BF4B-00C04F79EFBC}") = "TestHelper.Tests", "TestHelper.Tests\TestHelper.Tests.csproj", "{3FED409D-6B66-4540-8716-75E70917C587}"
EndProject
Global
	GlobalSection(SolutionConfigurationPlatforms) = preSolution
		Debug|Any CPU = Debug|Any CPU
		Release|Any CPU = Release|Any CPU
	EndGlobalSection
	GlobalSection(ProjectConfigurationPlatforms) = postSolution
		{6E58DB7D-0352-41C6-AA60-8F9E268FA2A8}.Debug|Any CPU.ActiveCfg = Debug|Any CPU
		{6E58DB7D-0352-41C6-AA60-8F9E268FA2A8}.Debug|Any CPU.Build.0 = Debug|Any CPU
		{6E58DB7D-0352-41C6-AA60-8F9E268FA2A8}.Release|Any CPU.ActiveCfg = Release|Any CPU
		{6E58DB7D-0352-41C6-AA60-8F9E268FA2A8}.Release|Any CPU.Build.0 = Release|Any CPU
		{3FED409D-6B66-4540-8716-75E70917C587}.Debug|Any CPU.ActiveCfg = Debug|Any CPU
		{3FED409D-6B66-4540-8716-75E70917C587}.Debug|Any CPU.Build.0 = Debug|Any CPU
		{3FED409D-6B66-4540-8716-75E70917C587}.Release|Any CPU.ActiveCfg = Release|Any CPU
		{3FED409D-6B66-4540-8716-75E70917C587}.Release|Any CPU.Build.0 = Release|Any CPU
	EndGlobalSection
	GlobalSection(SolutionProperties) = preSolution
		HideSolutionNode = FALSE
	EndGlobalSection
	GlobalSection(ExtensibilityGlobals) = postSolution
		SolutionGuid = {9F567955-A700-4520-9250-659F51F6CA38}
	EndGlobalSection
EndGlobal
